
Microsoft Visual Studio Solution File, Format Version 12.00
# Visual Studio Version 17
VisualStudioVersion = 17.0.31903.59
MinimumVisualStudioVersion = 10.0.40219.1
Project("{9A19103F-16F7-4668-BE54-9A1E7A4F7556}") = "Spg.Spengershop.API", "src\Spg.Spengershop.API\Spg.Spengershop.API.csproj", "{EBDFF1B2-0813-4B96-87D2-03655C87DA1D}"
EndProject
Project("{FAE04EC0-301F-11D3-BF4B-00C04F79EFBC}") = "Spg.Spengershop.Domain", "src\Spg.Spengershop.Domain\Spg.Spengershop.Domain.csproj", "{0D785F62-4837-4B9C-B6A5-B40D1218FB32}"
EndProject
Project("{FAE04EC0-301F-11D3-BF4B-00C04F79EFBC}") = "Spg.Spengershop.Infrastructure", "src\Spg.Spengershop.Infrastructure\Spg.Spengershop.Infrastructure.csproj", "{104DF76D-67E5-4905-8453-967B46DD8E8A}"
EndProject
Project("{FAE04EC0-301F-11D3-BF4B-00C04F79EFBC}") = "Spg.Spengershop.Application", "src\Spg.Spengershop.Application\Spg.Spengershop.Application.csproj", "{6440E484-9AA4-43F9-B040-716B8DE8358D}"
EndProject
Project("{FAE04EC0-301F-11D3-BF4B-00C04F79EFBC}") = "Spg.Spengershop.Repository", "src\Spg.Spengershop.Repository\Spg.Spengershop.Repository.csproj", "{D04876DA-C09D-40A4-9BF6-73297A430E31}"
EndProject
Global
	GlobalSection(SolutionConfigurationPlatforms) = preSolution
		Debug|Any CPU = Debug|Any CPU
		Release|Any CPU = Release|Any CPU
	EndGlobalSection
	GlobalSection(ProjectConfigurationPlatforms) = postSolution
		{EBDFF1B2-0813-4B96-87D2-03655C87DA1D}.Debug|Any CPU.ActiveCfg = Debug|Any CPU
		{EBDFF1B2-0813-4B96-87D2-03655C87DA1D}.Debug|Any CPU.Build.0 = Debug|Any CPU
		{EBDFF1B2-0813-4B96-87D2-03655C87DA1D}.Release|Any CPU.ActiveCfg = Release|Any CPU
		{EBDFF1B2-0813-4B96-87D2-03655C87DA1D}.Release|Any CPU.Build.0 = Release|Any CPU
		{0D785F62-4837-4B9C-B6A5-B40D1218FB32}.Debug|Any CPU.ActiveCfg = Debug|Any CPU
		{0D785F62-4837-4B9C-B6A5-B40D1218FB32}.Debug|Any CPU.Build.0 = Debug|Any CPU
		{0D785F62-4837-4B9C-B6A5-B40D1218FB32}.Release|Any CPU.ActiveCfg = Release|Any CPU
		{0D785F62-4837-4B9C-B6A5-B40D1218FB32}.Release|Any CPU.Build.0 = Release|Any CPU
		{104DF76D-67E5-4905-8453-967B46DD8E8A}.Debug|Any CPU.ActiveCfg = Debug|Any CPU
		{104DF76D-67E5-4905-8453-967B46DD8E8A}.Debug|Any CPU.Build.0 = Debug|Any CPU
		{104DF76D-67E5-4905-8453-967B46DD8E8A}.Release|Any CPU.ActiveCfg = Release|Any CPU
		{104DF76D-67E5-4905-8453-967B46DD8E8A}.Release|Any CPU.Build.0 = Release|Any CPU
		{6440E484-9AA4-43F9-B040-716B8DE8358D}.Debug|Any CPU.ActiveCfg = Debug|Any CPU
		{6440E484-9AA4-43F9-B040-716B8DE8358D}.Debug|Any CPU.Build.0 = Debug|Any CPU
		{6440E484-9AA4-43F9-B040-716B8DE8358D}.Release|Any CPU.ActiveCfg = Release|Any CPU
		{6440E484-9AA4-43F9-B040-716B8DE8358D}.Release|Any CPU.Build.0 = Release|Any CPU
		{D04876DA-C09D-40A4-9BF6-73297A430E31}.Debug|Any CPU.ActiveCfg = Debug|Any CPU
		{D04876DA-C09D-40A4-9BF6-73297A430E31}.Debug|Any CPU.Build.0 = Debug|Any CPU
		{D04876DA-C09D-40A4-9BF6-73297A430E31}.Release|Any CPU.ActiveCfg = Release|Any CPU
		{D04876DA-C09D-40A4-9BF6-73297A430E31}.Release|Any CPU.Build.0 = Release|Any CPU
	EndGlobalSection
	GlobalSection(SolutionProperties) = preSolution
		HideSolutionNode = FALSE
	EndGlobalSection
	GlobalSection(ExtensibilityGlobals) = postSolution
		SolutionGuid = {F310A506-6628-42AE-A6E0-8624240709A3}
	EndGlobalSection
EndGlobal
